// !$*UTF8*$!
{
	archiveVersion = 1;
	classes = {
	};
	objectVersion = 56;
	objects = {

/* Begin PBXBuildFile section */
		651659CA2A3994FF00018AEF /* SearchMapAlertView.swift in Sources */ = {isa = PBXBuildFile; fileRef = 651659C92A3994FF00018AEF /* SearchMapAlertView.swift */; };
		652126FD2A0B84B1003AF26A /* MapViewModel.swift in Sources */ = {isa = PBXBuildFile; fileRef = 652126FC2A0B84B1003AF26A /* MapViewModel.swift */; };
		6523D83A29BF526D005EFBFF /* AppDelegate.swift in Sources */ = {isa = PBXBuildFile; fileRef = 6523D83929BF526D005EFBFF /* AppDelegate.swift */; };
		6523D83C29BF526D005EFBFF /* SceneDelegate.swift in Sources */ = {isa = PBXBuildFile; fileRef = 6523D83B29BF526D005EFBFF /* SceneDelegate.swift */; };
		6523D84329BF526E005EFBFF /* Assets.xcassets in Resources */ = {isa = PBXBuildFile; fileRef = 6523D84229BF526E005EFBFF /* Assets.xcassets */; };
		6523D84629BF526E005EFBFF /* LaunchScreen.storyboard in Resources */ = {isa = PBXBuildFile; fileRef = 6523D84429BF526E005EFBFF /* LaunchScreen.storyboard */; };
		6523D85429BF53EE005EFBFF /* MapViewController.swift in Sources */ = {isa = PBXBuildFile; fileRef = 6523D85329BF53EE005EFBFF /* MapViewController.swift */; };
		6523D85A29BF566D005EFBFF /* SecureAPIKeys.plist in Resources */ = {isa = PBXBuildFile; fileRef = 6523D85929BF566D005EFBFF /* SecureAPIKeys.plist */; };
		6523D86029BF5AFD005EFBFF /* ProfileViewController.swift in Sources */ = {isa = PBXBuildFile; fileRef = 6523D85F29BF5AFD005EFBFF /* ProfileViewController.swift */; };
		6523D86229BF625A005EFBFF /* CustomTabBarController.swift in Sources */ = {isa = PBXBuildFile; fileRef = 6523D86129BF625A005EFBFF /* CustomTabBarController.swift */; };
		6523D86529BF629A005EFBFF /* SnapKit in Frameworks */ = {isa = PBXBuildFile; productRef = 6523D86429BF629A005EFBFF /* SnapKit */; };
		65263CC129FC3C600072ACA5 /* UILabel+LineCount.swift in Sources */ = {isa = PBXBuildFile; fileRef = 65263CC029FC3C600072ACA5 /* UILabel+LineCount.swift */; };
		652EC4FA29E83889000C795E /* ProfileCell.swift in Sources */ = {isa = PBXBuildFile; fileRef = 652EC4F929E83889000C795E /* ProfileCell.swift */; };
		6533F9AD29D1680400C66394 /* CustomAnnotationView.swift in Sources */ = {isa = PBXBuildFile; fileRef = 6533F9AC29D1680400C66394 /* CustomAnnotationView.swift */; };
		6533F9AF29D1684D00C66394 /* CustomAnnotation.swift in Sources */ = {isa = PBXBuildFile; fileRef = 6533F9AE29D1684D00C66394 /* CustomAnnotation.swift */; };
		6533F9B129D333D400C66394 /* Service.swift in Sources */ = {isa = PBXBuildFile; fileRef = 6533F9B029D333D400C66394 /* Service.swift */; };
		6533F9B329D3352900C66394 /* String+addingPercentEncoding.swift in Sources */ = {isa = PBXBuildFile; fileRef = 6533F9B229D3352900C66394 /* String+addingPercentEncoding.swift */; };
		6533F9B529D403EA00C66394 /* Platform.swift in Sources */ = {isa = PBXBuildFile; fileRef = 6533F9B429D403EA00C66394 /* Platform.swift */; };
		6533F9B729D46E3F00C66394 /* Location.swift in Sources */ = {isa = PBXBuildFile; fileRef = 6533F9B629D46E3F00C66394 /* Location.swift */; };
		6533F9BB29D4994800C66394 /* DiaryViewController.swift in Sources */ = {isa = PBXBuildFile; fileRef = 6533F9BA29D4994800C66394 /* DiaryViewController.swift */; };
		6533F9DF29D5C9E700C66394 /* DiaryView.swift in Sources */ = {isa = PBXBuildFile; fileRef = 6533F9DE29D5C9E700C66394 /* DiaryView.swift */; };
		6538DF3A2A330C8200873A0C /* SearchViewController.swift in Sources */ = {isa = PBXBuildFile; fileRef = 6538DF392A330C8200873A0C /* SearchViewController.swift */; };
		6538DF3C2A3318F300873A0C /* SearchCell.swift in Sources */ = {isa = PBXBuildFile; fileRef = 6538DF3B2A3318F300873A0C /* SearchCell.swift */; };
		653B60C029D6F7880043F239 /* UnderLindTextField.swift in Sources */ = {isa = PBXBuildFile; fileRef = 653B60BF29D6F7880043F239 /* UnderLindTextField.swift */; };
		654464AF2A12652D00338CF9 /* Realm in Frameworks */ = {isa = PBXBuildFile; productRef = 654464AE2A12652D00338CF9 /* Realm */; };
		654464B12A12652D00338CF9 /* RealmSwift in Frameworks */ = {isa = PBXBuildFile; productRef = 654464B02A12652D00338CF9 /* RealmSwift */; };
		654464B42A126CFC00338CF9 /* RealmManager.swift in Sources */ = {isa = PBXBuildFile; fileRef = 654464B32A126CFC00338CF9 /* RealmManager.swift */; };
		654464B62A12778A00338CF9 /* RealmModel.swift in Sources */ = {isa = PBXBuildFile; fileRef = 654464B52A12778A00338CF9 /* RealmModel.swift */; };
		655B11122A08C247004BC84B /* KeyboardEvent.swift in Sources */ = {isa = PBXBuildFile; fileRef = 655B11112A08C247004BC84B /* KeyboardEvent.swift */; };
		655B11142A0920B4004BC84B /* UIResponder.swift in Sources */ = {isa = PBXBuildFile; fileRef = 655B11132A0920B4004BC84B /* UIResponder.swift */; };
		655B11422A0A444C004BC84B /* NotificationProtocol.swift in Sources */ = {isa = PBXBuildFile; fileRef = 655B11412A0A444C004BC84B /* NotificationProtocol.swift */; };
		655E376F29C199E500FBACAE /* UIColor+HexCodeColor.swift in Sources */ = {isa = PBXBuildFile; fileRef = 655E376E29C199E500FBACAE /* UIColor+HexCodeColor.swift */; };
		655E377229C19A9E00FBACAE /* TabBarItems.swift in Sources */ = {isa = PBXBuildFile; fileRef = 655E377129C19A9E00FBACAE /* TabBarItems.swift */; };
		655F23632A5C44DE00DCCD17 /* MenuAction.swift in Sources */ = {isa = PBXBuildFile; fileRef = 655F23622A5C44DE00DCCD17 /* MenuAction.swift */; };
		655F23862A5D441500DCCD17 /* MailManager.swift in Sources */ = {isa = PBXBuildFile; fileRef = 655F23852A5D441500DCCD17 /* MailManager.swift */; };
		65634A0B2A456EC5005DDAD4 /* Address.swift in Sources */ = {isa = PBXBuildFile; fileRef = 65634A0A2A456EC5005DDAD4 /* Address.swift */; };
		65634A2E2A4970A5005DDAD4 /* SettingViewController.swift in Sources */ = {isa = PBXBuildFile; fileRef = 65634A2D2A4970A5005DDAD4 /* SettingViewController.swift */; };
		65634A322A4BFAA4005DDAD4 /* SettingHeaderView.swift in Sources */ = {isa = PBXBuildFile; fileRef = 65634A312A4BFAA4005DDAD4 /* SettingHeaderView.swift */; };
		65634A342A4BFBB8005DDAD4 /* SettingFooterView.swift in Sources */ = {isa = PBXBuildFile; fileRef = 65634A332A4BFBB8005DDAD4 /* SettingFooterView.swift */; };
		65634A362A4C0A93005DDAD4 /* SettingViewModel.swift in Sources */ = {isa = PBXBuildFile; fileRef = 65634A352A4C0A93005DDAD4 /* SettingViewModel.swift */; };
		65634A382A4C6A7D005DDAD4 /* SettingCell.swift in Sources */ = {isa = PBXBuildFile; fileRef = 65634A372A4C6A7D005DDAD4 /* SettingCell.swift */; };
		6571153C29C44C95001F52D8 /* PreView-SwfitUI.swift in Sources */ = {isa = PBXBuildFile; fileRef = 6571153B29C44C95001F52D8 /* PreView-SwfitUI.swift */; };
		657298C72A51553B00B6993B /* SettingCellViewModel.swift in Sources */ = {isa = PBXBuildFile; fileRef = 657298C62A51553B00B6993B /* SettingCellViewModel.swift */; };
		657298CB2A556D5A00B6993B /* SettingCategory.swift in Sources */ = {isa = PBXBuildFile; fileRef = 657298CA2A556D5A00B6993B /* SettingCategory.swift */; };
		6577291F2A67DA8C00FAE93E /* LocationPermissionViewController.swift in Sources */ = {isa = PBXBuildFile; fileRef = 6577291E2A67DA8C00FAE93E /* LocationPermissionViewController.swift */; };
		6585975A2A0CF54300FE4173 /* LocationManager.swift in Sources */ = {isa = PBXBuildFile; fileRef = 658597592A0CF54300FE4173 /* LocationManager.swift */; };
		6585975C2A0E1D2A00FE4173 /* ProfileCollectionView+CompositionalLayout.swift in Sources */ = {isa = PBXBuildFile; fileRef = 6585975B2A0E1D2A00FE4173 /* ProfileCollectionView+CompositionalLayout.swift */; };
		658FFD7D29EFBBD800C389F6 /* CustomTabBar.swift in Sources */ = {isa = PBXBuildFile; fileRef = 658FFD7C29EFBBD800C389F6 /* CustomTabBar.swift */; };
		65920AF12A36D21F009F358B /* SearchListViewModel.swift in Sources */ = {isa = PBXBuildFile; fileRef = 65920AF02A36D21F009F358B /* SearchListViewModel.swift */; };
		65920AF32A382F26009F358B /* SearchMapViewController.swift in Sources */ = {isa = PBXBuildFile; fileRef = 65920AF22A382F26009F358B /* SearchMapViewController.swift */; };
		65920AF62A383211009F358B /* SearchMapViewModel.swift in Sources */ = {isa = PBXBuildFile; fileRef = 65920AF52A383211009F358B /* SearchMapViewModel.swift */; };
		65A8689B29F1311A00251120 /* CALayer+Shadow.swift in Sources */ = {isa = PBXBuildFile; fileRef = 65A8689A29F1311A00251120 /* CALayer+Shadow.swift */; };
		65A8689D29F63D1300251120 /* DiaryModel.swift in Sources */ = {isa = PBXBuildFile; fileRef = 65A8689C29F63D1300251120 /* DiaryModel.swift */; };
		65A8689F29F6424700251120 /* ProfileViewModel.swift in Sources */ = {isa = PBXBuildFile; fileRef = 65A8689E29F6424700251120 /* ProfileViewModel.swift */; };
		65A868A229F649CD00251120 /* Observable.swift in Sources */ = {isa = PBXBuildFile; fileRef = 65A868A129F649CD00251120 /* Observable.swift */; };
		65A868A429F6526D00251120 /* DiaryViewModel.swift in Sources */ = {isa = PBXBuildFile; fileRef = 65A868A329F6526D00251120 /* DiaryViewModel.swift */; };
		65B0B5A02A628E0F00397F72 /* TutorialViewController.swift in Sources */ = {isa = PBXBuildFile; fileRef = 65B0B59F2A628E0F00397F72 /* TutorialViewController.swift */; };
		65B0B5A22A63BF0200397F72 /* TutorialContentsViewController.swift in Sources */ = {isa = PBXBuildFile; fileRef = 65B0B5A12A63BF0200397F72 /* TutorialContentsViewController.swift */; };
		65C81A9E2B2871AE003468AA /* MapPopupView.swift in Sources */ = {isa = PBXBuildFile; fileRef = 65C81A9D2B2871AE003468AA /* MapPopupView.swift */; };
		65FA98A82A160822004FBEA1 /* FileManger+UIImage.swift in Sources */ = {isa = PBXBuildFile; fileRef = 65FA98A72A160822004FBEA1 /* FileManger+UIImage.swift */; };
		65FAE68629C624C5006D1038 /* UIImage+Resize&Retint.swift in Sources */ = {isa = PBXBuildFile; fileRef = 65FAE68529C624C5006D1038 /* UIImage+Resize&Retint.swift */; };
		65FDBFF02A0B71E200601CCE /* DateFormatter+Custom.swift in Sources */ = {isa = PBXBuildFile; fileRef = 65FDBFEF2A0B71E200601CCE /* DateFormatter+Custom.swift */; };
		65FF0DCE29C891A200ACF031 /* UIFactory.swift in Sources */ = {isa = PBXBuildFile; fileRef = 65FF0DCD29C891A200ACF031 /* UIFactory.swift */; };
		65FF0DD229C8B4A400ACF031 /* PopButtonOption.swift in Sources */ = {isa = PBXBuildFile; fileRef = 65FF0DD129C8B4A400ACF031 /* PopButtonOption.swift */; };
/* End PBXBuildFile section */

/* Begin PBXFileReference section */
		651659C92A3994FF00018AEF /* SearchMapAlertView.swift */ = {isa = PBXFileReference; lastKnownFileType = sourcecode.swift; path = SearchMapAlertView.swift; sourceTree = "<group>"; };
		652126FC2A0B84B1003AF26A /* MapViewModel.swift */ = {isa = PBXFileReference; lastKnownFileType = sourcecode.swift; path = MapViewModel.swift; sourceTree = "<group>"; };
		6523D83629BF526D005EFBFF /* Muk.app */ = {isa = PBXFileReference; explicitFileType = wrapper.application; includeInIndex = 0; path = Muk.app; sourceTree = BUILT_PRODUCTS_DIR; };
		6523D83929BF526D005EFBFF /* AppDelegate.swift */ = {isa = PBXFileReference; lastKnownFileType = sourcecode.swift; path = AppDelegate.swift; sourceTree = "<group>"; };
		6523D83B29BF526D005EFBFF /* SceneDelegate.swift */ = {isa = PBXFileReference; lastKnownFileType = sourcecode.swift; path = SceneDelegate.swift; sourceTree = "<group>"; };
		6523D84229BF526E005EFBFF /* Assets.xcassets */ = {isa = PBXFileReference; lastKnownFileType = folder.assetcatalog; path = Assets.xcassets; sourceTree = "<group>"; };
		6523D84529BF526E005EFBFF /* Base */ = {isa = PBXFileReference; lastKnownFileType = file.storyboard; name = Base; path = Base.lproj/LaunchScreen.storyboard; sourceTree = "<group>"; };
		6523D84729BF526E005EFBFF /* Info.plist */ = {isa = PBXFileReference; lastKnownFileType = text.plist.xml; path = Info.plist; sourceTree = "<group>"; };
		6523D85329BF53EE005EFBFF /* MapViewController.swift */ = {isa = PBXFileReference; lastKnownFileType = sourcecode.swift; path = MapViewController.swift; sourceTree = "<group>"; };
		6523D85929BF566D005EFBFF /* SecureAPIKeys.plist */ = {isa = PBXFileReference; fileEncoding = 4; lastKnownFileType = text.plist.xml; path = SecureAPIKeys.plist; sourceTree = "<group>"; };
		6523D85F29BF5AFD005EFBFF /* ProfileViewController.swift */ = {isa = PBXFileReference; lastKnownFileType = sourcecode.swift; path = ProfileViewController.swift; sourceTree = "<group>"; usesTabs = 0; wrapsLines = 0; };
		6523D86129BF625A005EFBFF /* CustomTabBarController.swift */ = {isa = PBXFileReference; lastKnownFileType = sourcecode.swift; path = CustomTabBarController.swift; sourceTree = "<group>"; };
		65263CC029FC3C600072ACA5 /* UILabel+LineCount.swift */ = {isa = PBXFileReference; lastKnownFileType = sourcecode.swift; path = "UILabel+LineCount.swift"; sourceTree = "<group>"; };
		652EC4F929E83889000C795E /* ProfileCell.swift */ = {isa = PBXFileReference; lastKnownFileType = sourcecode.swift; path = ProfileCell.swift; sourceTree = "<group>"; };
		6533F9AC29D1680400C66394 /* CustomAnnotationView.swift */ = {isa = PBXFileReference; lastKnownFileType = sourcecode.swift; path = CustomAnnotationView.swift; sourceTree = "<group>"; };
		6533F9AE29D1684D00C66394 /* CustomAnnotation.swift */ = {isa = PBXFileReference; lastKnownFileType = sourcecode.swift; path = CustomAnnotation.swift; sourceTree = "<group>"; };
		6533F9B029D333D400C66394 /* Service.swift */ = {isa = PBXFileReference; lastKnownFileType = sourcecode.swift; path = Service.swift; sourceTree = "<group>"; };
		6533F9B229D3352900C66394 /* String+addingPercentEncoding.swift */ = {isa = PBXFileReference; lastKnownFileType = sourcecode.swift; path = "String+addingPercentEncoding.swift"; sourceTree = "<group>"; };
		6533F9B429D403EA00C66394 /* Platform.swift */ = {isa = PBXFileReference; lastKnownFileType = sourcecode.swift; path = Platform.swift; sourceTree = "<group>"; };
		6533F9B629D46E3F00C66394 /* Location.swift */ = {isa = PBXFileReference; lastKnownFileType = sourcecode.swift; path = Location.swift; sourceTree = "<group>"; };
		6533F9BA29D4994800C66394 /* DiaryViewController.swift */ = {isa = PBXFileReference; lastKnownFileType = sourcecode.swift; path = DiaryViewController.swift; sourceTree = "<group>"; };
		6533F9DE29D5C9E700C66394 /* DiaryView.swift */ = {isa = PBXFileReference; lastKnownFileType = sourcecode.swift; path = DiaryView.swift; sourceTree = "<group>"; };
		6538DF392A330C8200873A0C /* SearchViewController.swift */ = {isa = PBXFileReference; lastKnownFileType = sourcecode.swift; path = SearchViewController.swift; sourceTree = "<group>"; };
		6538DF3B2A3318F300873A0C /* SearchCell.swift */ = {isa = PBXFileReference; lastKnownFileType = sourcecode.swift; path = SearchCell.swift; sourceTree = "<group>"; };
		653B60BF29D6F7880043F239 /* UnderLindTextField.swift */ = {isa = PBXFileReference; lastKnownFileType = sourcecode.swift; path = UnderLindTextField.swift; sourceTree = "<group>"; };
		654464B32A126CFC00338CF9 /* RealmManager.swift */ = {isa = PBXFileReference; lastKnownFileType = sourcecode.swift; path = RealmManager.swift; sourceTree = "<group>"; };
		654464B52A12778A00338CF9 /* RealmModel.swift */ = {isa = PBXFileReference; lastKnownFileType = sourcecode.swift; path = RealmModel.swift; sourceTree = "<group>"; };
		655B11112A08C247004BC84B /* KeyboardEvent.swift */ = {isa = PBXFileReference; lastKnownFileType = sourcecode.swift; path = KeyboardEvent.swift; sourceTree = "<group>"; };
		655B11132A0920B4004BC84B /* UIResponder.swift */ = {isa = PBXFileReference; lastKnownFileType = sourcecode.swift; path = UIResponder.swift; sourceTree = "<group>"; };
		655B11412A0A444C004BC84B /* NotificationProtocol.swift */ = {isa = PBXFileReference; lastKnownFileType = sourcecode.swift; path = NotificationProtocol.swift; sourceTree = "<group>"; };
		655E376E29C199E500FBACAE /* UIColor+HexCodeColor.swift */ = {isa = PBXFileReference; lastKnownFileType = sourcecode.swift; path = "UIColor+HexCodeColor.swift"; sourceTree = "<group>"; };
		655E377129C19A9E00FBACAE /* TabBarItems.swift */ = {isa = PBXFileReference; lastKnownFileType = sourcecode.swift; path = TabBarItems.swift; sourceTree = "<group>"; };
		655F23622A5C44DE00DCCD17 /* MenuAction.swift */ = {isa = PBXFileReference; lastKnownFileType = sourcecode.swift; path = MenuAction.swift; sourceTree = "<group>"; };
		655F23852A5D441500DCCD17 /* MailManager.swift */ = {isa = PBXFileReference; lastKnownFileType = sourcecode.swift; path = MailManager.swift; sourceTree = "<group>"; };
		65634A0A2A456EC5005DDAD4 /* Address.swift */ = {isa = PBXFileReference; lastKnownFileType = sourcecode.swift; path = Address.swift; sourceTree = "<group>"; };
		65634A2D2A4970A5005DDAD4 /* SettingViewController.swift */ = {isa = PBXFileReference; lastKnownFileType = sourcecode.swift; path = SettingViewController.swift; sourceTree = "<group>"; };
		65634A312A4BFAA4005DDAD4 /* SettingHeaderView.swift */ = {isa = PBXFileReference; lastKnownFileType = sourcecode.swift; path = SettingHeaderView.swift; sourceTree = "<group>"; };
		65634A332A4BFBB8005DDAD4 /* SettingFooterView.swift */ = {isa = PBXFileReference; lastKnownFileType = sourcecode.swift; path = SettingFooterView.swift; sourceTree = "<group>"; };
		65634A352A4C0A93005DDAD4 /* SettingViewModel.swift */ = {isa = PBXFileReference; lastKnownFileType = sourcecode.swift; path = SettingViewModel.swift; sourceTree = "<group>"; };
		65634A372A4C6A7D005DDAD4 /* SettingCell.swift */ = {isa = PBXFileReference; lastKnownFileType = sourcecode.swift; path = SettingCell.swift; sourceTree = "<group>"; };
		6571153B29C44C95001F52D8 /* PreView-SwfitUI.swift */ = {isa = PBXFileReference; lastKnownFileType = sourcecode.swift; path = "PreView-SwfitUI.swift"; sourceTree = "<group>"; };
		657298C62A51553B00B6993B /* SettingCellViewModel.swift */ = {isa = PBXFileReference; lastKnownFileType = sourcecode.swift; path = SettingCellViewModel.swift; sourceTree = "<group>"; };
		657298CA2A556D5A00B6993B /* SettingCategory.swift */ = {isa = PBXFileReference; lastKnownFileType = sourcecode.swift; path = SettingCategory.swift; sourceTree = "<group>"; };
		6577291E2A67DA8C00FAE93E /* LocationPermissionViewController.swift */ = {isa = PBXFileReference; lastKnownFileType = sourcecode.swift; path = LocationPermissionViewController.swift; sourceTree = "<group>"; };
		658597592A0CF54300FE4173 /* LocationManager.swift */ = {isa = PBXFileReference; lastKnownFileType = sourcecode.swift; path = LocationManager.swift; sourceTree = "<group>"; };
		6585975B2A0E1D2A00FE4173 /* ProfileCollectionView+CompositionalLayout.swift */ = {isa = PBXFileReference; lastKnownFileType = sourcecode.swift; path = "ProfileCollectionView+CompositionalLayout.swift"; sourceTree = "<group>"; };
		658FFD7C29EFBBD800C389F6 /* CustomTabBar.swift */ = {isa = PBXFileReference; lastKnownFileType = sourcecode.swift; path = CustomTabBar.swift; sourceTree = "<group>"; };
		65920AF02A36D21F009F358B /* SearchListViewModel.swift */ = {isa = PBXFileReference; lastKnownFileType = sourcecode.swift; path = SearchListViewModel.swift; sourceTree = "<group>"; };
		65920AF22A382F26009F358B /* SearchMapViewController.swift */ = {isa = PBXFileReference; lastKnownFileType = sourcecode.swift; path = SearchMapViewController.swift; sourceTree = "<group>"; };
		65920AF52A383211009F358B /* SearchMapViewModel.swift */ = {isa = PBXFileReference; lastKnownFileType = sourcecode.swift; path = SearchMapViewModel.swift; sourceTree = "<group>"; };
		65A8689A29F1311A00251120 /* CALayer+Shadow.swift */ = {isa = PBXFileReference; lastKnownFileType = sourcecode.swift; path = "CALayer+Shadow.swift"; sourceTree = "<group>"; };
		65A8689C29F63D1300251120 /* DiaryModel.swift */ = {isa = PBXFileReference; lastKnownFileType = sourcecode.swift; path = DiaryModel.swift; sourceTree = "<group>"; };
		65A8689E29F6424700251120 /* ProfileViewModel.swift */ = {isa = PBXFileReference; lastKnownFileType = sourcecode.swift; path = ProfileViewModel.swift; sourceTree = "<group>"; };
		65A868A129F649CD00251120 /* Observable.swift */ = {isa = PBXFileReference; lastKnownFileType = sourcecode.swift; path = Observable.swift; sourceTree = "<group>"; };
		65A868A329F6526D00251120 /* DiaryViewModel.swift */ = {isa = PBXFileReference; lastKnownFileType = sourcecode.swift; path = DiaryViewModel.swift; sourceTree = "<group>"; };
		65B0B59F2A628E0F00397F72 /* TutorialViewController.swift */ = {isa = PBXFileReference; lastKnownFileType = sourcecode.swift; path = TutorialViewController.swift; sourceTree = "<group>"; };
		65B0B5A12A63BF0200397F72 /* TutorialContentsViewController.swift */ = {isa = PBXFileReference; lastKnownFileType = sourcecode.swift; path = TutorialContentsViewController.swift; sourceTree = "<group>"; };
		65C81A9D2B2871AE003468AA /* MapPopupView.swift */ = {isa = PBXFileReference; lastKnownFileType = sourcecode.swift; path = MapPopupView.swift; sourceTree = "<group>"; };
		65FA98A72A160822004FBEA1 /* FileManger+UIImage.swift */ = {isa = PBXFileReference; lastKnownFileType = sourcecode.swift; path = "FileManger+UIImage.swift"; sourceTree = "<group>"; };
		65FAE68529C624C5006D1038 /* UIImage+Resize&Retint.swift */ = {isa = PBXFileReference; lastKnownFileType = sourcecode.swift; path = "UIImage+Resize&Retint.swift"; sourceTree = "<group>"; };
		65FDBFEF2A0B71E200601CCE /* DateFormatter+Custom.swift */ = {isa = PBXFileReference; lastKnownFileType = sourcecode.swift; path = "DateFormatter+Custom.swift"; sourceTree = "<group>"; };
		65FF0DCD29C891A200ACF031 /* UIFactory.swift */ = {isa = PBXFileReference; lastKnownFileType = sourcecode.swift; path = UIFactory.swift; sourceTree = "<group>"; };
		65FF0DD129C8B4A400ACF031 /* PopButtonOption.swift */ = {isa = PBXFileReference; lastKnownFileType = sourcecode.swift; path = PopButtonOption.swift; sourceTree = "<group>"; };
/* End PBXFileReference section */

/* Begin PBXFrameworksBuildPhase section */
		6523D83329BF526D005EFBFF /* Frameworks */ = {
			isa = PBXFrameworksBuildPhase;
			buildActionMask = 2147483647;
			files = (
				654464B12A12652D00338CF9 /* RealmSwift in Frameworks */,
				654464AF2A12652D00338CF9 /* Realm in Frameworks */,
				6523D86529BF629A005EFBFF /* SnapKit in Frameworks */,
			);
			runOnlyForDeploymentPostprocessing = 0;
		};
/* End PBXFrameworksBuildPhase section */

/* Begin PBXGroup section */
		65105DF029C1996F003A9F18 /* Extenstions */ = {
			isa = PBXGroup;
			children = (
				655E376E29C199E500FBACAE /* UIColor+HexCodeColor.swift */,
				65FAE68529C624C5006D1038 /* UIImage+Resize&Retint.swift */,
				6533F9B229D3352900C66394 /* String+addingPercentEncoding.swift */,
				6571153B29C44C95001F52D8 /* PreView-SwfitUI.swift */,
				65A8689A29F1311A00251120 /* CALayer+Shadow.swift */,
				65263CC029FC3C600072ACA5 /* UILabel+LineCount.swift */,
				655B11132A0920B4004BC84B /* UIResponder.swift */,
				65FDBFEF2A0B71E200601CCE /* DateFormatter+Custom.swift */,
			);
			path = Extenstions;
			sourceTree = "<group>";
		};
		6523D82D29BF526D005EFBFF = {
			isa = PBXGroup;
			children = (
				6523D83829BF526D005EFBFF /* Muk */,
				6523D83729BF526D005EFBFF /* Products */,
			);
			sourceTree = "<group>";
		};
		6523D83729BF526D005EFBFF /* Products */ = {
			isa = PBXGroup;
			children = (
				6523D83629BF526D005EFBFF /* Muk.app */,
			);
			name = Products;
			sourceTree = "<group>";
		};
		6523D83829BF526D005EFBFF /* Muk */ = {
			isa = PBXGroup;
			children = (
				6523D85529BF5407005EFBFF /* App */,
				655E377029C19A7B00FBACAE /* Helper */,
				6523D84F29BF52CF005EFBFF /* Services */,
				654464B22A126CE600338CF9 /* DataBase */,
				6523D85029BF52D7005EFBFF /* Models */,
				65FA98CE2A1B93BA004FBEA1 /* Presentations */,
			);
			path = Muk;
			sourceTree = "<group>";
		};
		6523D84D29BF52BF005EFBFF /* Classes */ = {
			isa = PBXGroup;
			children = (
				65FF0DCD29C891A200ACF031 /* UIFactory.swift */,
				653B60BF29D6F7880043F239 /* UnderLindTextField.swift */,
				65A868A129F649CD00251120 /* Observable.swift */,
				658597592A0CF54300FE4173 /* LocationManager.swift */,
				655F23622A5C44DE00DCCD17 /* MenuAction.swift */,
				655F23852A5D441500DCCD17 /* MailManager.swift */,
			);
			path = Classes;
			sourceTree = "<group>";
		};
		6523D84F29BF52CF005EFBFF /* Services */ = {
			isa = PBXGroup;
			children = (
				6523D85929BF566D005EFBFF /* SecureAPIKeys.plist */,
				6533F9B429D403EA00C66394 /* Platform.swift */,
				6533F9B029D333D400C66394 /* Service.swift */,
				6533F9B629D46E3F00C66394 /* Location.swift */,
				65634A0A2A456EC5005DDAD4 /* Address.swift */,
			);
			path = Services;
			sourceTree = "<group>";
		};
		6523D85029BF52D7005EFBFF /* Models */ = {
			isa = PBXGroup;
			children = (
				65FF0DD129C8B4A400ACF031 /* PopButtonOption.swift */,
				6533F9AE29D1684D00C66394 /* CustomAnnotation.swift */,
				65A8689C29F63D1300251120 /* DiaryModel.swift */,
			);
			path = Models;
			sourceTree = "<group>";
		};
		6523D85129BF52E9005EFBFF /* Diary */ = {
			isa = PBXGroup;
			children = (
				6533F9DE29D5C9E700C66394 /* DiaryView.swift */,
				6533F9BA29D4994800C66394 /* DiaryViewController.swift */,
				65A868A329F6526D00251120 /* DiaryViewModel.swift */,
			);
			path = Diary;
			sourceTree = "<group>";
		};
		6523D85529BF5407005EFBFF /* App */ = {
			isa = PBXGroup;
			children = (
				6523D85629BF5414005EFBFF /* Assets */,
				6523D83929BF526D005EFBFF /* AppDelegate.swift */,
				6523D83B29BF526D005EFBFF /* SceneDelegate.swift */,
				6523D84729BF526E005EFBFF /* Info.plist */,
			);
			path = App;
			sourceTree = "<group>";
		};
		6523D85629BF5414005EFBFF /* Assets */ = {
			isa = PBXGroup;
			children = (
				6523D84229BF526E005EFBFF /* Assets.xcassets */,
				6523D84429BF526E005EFBFF /* LaunchScreen.storyboard */,
			);
			path = Assets;
			sourceTree = "<group>";
		};
		6533F9AB29D167E900C66394 /* Profile */ = {
			isa = PBXGroup;
			children = (
				6585975B2A0E1D2A00FE4173 /* ProfileCollectionView+CompositionalLayout.swift */,
				652EC4F929E83889000C795E /* ProfileCell.swift */,
				6523D85F29BF5AFD005EFBFF /* ProfileViewController.swift */,
				65A8689E29F6424700251120 /* ProfileViewModel.swift */,
			);
			path = Profile;
			sourceTree = "<group>";
		};
		6538DF382A330C5B00873A0C /* Seach */ = {
			isa = PBXGroup;
			children = (
				6538DF3B2A3318F300873A0C /* SearchCell.swift */,
				6538DF392A330C8200873A0C /* SearchViewController.swift */,
				65920AF02A36D21F009F358B /* SearchListViewModel.swift */,
				65920AF42A382F2F009F358B /* SearchMap */,
			);
			path = Seach;
			sourceTree = "<group>";
		};
		654464B22A126CE600338CF9 /* DataBase */ = {
			isa = PBXGroup;
			children = (
				654464B32A126CFC00338CF9 /* RealmManager.swift */,
				654464B52A12778A00338CF9 /* RealmModel.swift */,
				65FA98A72A160822004FBEA1 /* FileManger+UIImage.swift */,
			);
			path = DataBase;
			sourceTree = "<group>";
		};
		655B11152A0929BD004BC84B /* Protocols */ = {
			isa = PBXGroup;
			children = (
				655B11112A08C247004BC84B /* KeyboardEvent.swift */,
				655B11412A0A444C004BC84B /* NotificationProtocol.swift */,
			);
			path = Protocols;
			sourceTree = "<group>";
		};
		655E377029C19A7B00FBACAE /* Helper */ = {
			isa = PBXGroup;
			children = (
				6523D84D29BF52BF005EFBFF /* Classes */,
				655B11152A0929BD004BC84B /* Protocols */,
				65105DF029C1996F003A9F18 /* Extenstions */,
			);
			path = Helper;
			sourceTree = "<group>";
		};
		65634A2C2A49708E005DDAD4 /* Setting */ = {
			isa = PBXGroup;
			children = (
				657298CA2A556D5A00B6993B /* SettingCategory.swift */,
				65634A312A4BFAA4005DDAD4 /* SettingHeaderView.swift */,
				65634A332A4BFBB8005DDAD4 /* SettingFooterView.swift */,
				65634A372A4C6A7D005DDAD4 /* SettingCell.swift */,
				65634A2D2A4970A5005DDAD4 /* SettingViewController.swift */,
				657298C62A51553B00B6993B /* SettingCellViewModel.swift */,
				65634A352A4C0A93005DDAD4 /* SettingViewModel.swift */,
			);
			path = Setting;
			sourceTree = "<group>";
		};
		65920AF42A382F2F009F358B /* SearchMap */ = {
			isa = PBXGroup;
			children = (
				651659C92A3994FF00018AEF /* SearchMapAlertView.swift */,
				65920AF22A382F26009F358B /* SearchMapViewController.swift */,
				65920AF52A383211009F358B /* SearchMapViewModel.swift */,
			);
			path = SearchMap;
			sourceTree = "<group>";
		};
		659B27A32A012AEB00E1CA3A /* Map */ = {
			isa = PBXGroup;
			children = (
				6533F9AC29D1680400C66394 /* CustomAnnotationView.swift */,
				65C81A9D2B2871AE003468AA /* MapPopupView.swift */,
				6523D85329BF53EE005EFBFF /* MapViewController.swift */,
				652126FC2A0B84B1003AF26A /* MapViewModel.swift */,
			);
			path = Map;
			sourceTree = "<group>";
		};
		65A868A029F648B400251120 /* CustomTabBar */ = {
			isa = PBXGroup;
			children = (
				655E377129C19A9E00FBACAE /* TabBarItems.swift */,
				658FFD7C29EFBBD800C389F6 /* CustomTabBar.swift */,
				6523D86129BF625A005EFBFF /* CustomTabBarController.swift */,
			);
			path = CustomTabBar;
			sourceTree = "<group>";
		};
		65B0B59E2A628DD900397F72 /* Tutorial */ = {
			isa = PBXGroup;
			children = (
				6577291E2A67DA8C00FAE93E /* LocationPermissionViewController.swift */,
				65B0B5A12A63BF0200397F72 /* TutorialContentsViewController.swift */,
				65B0B59F2A628E0F00397F72 /* TutorialViewController.swift */,
			);
			path = Tutorial;
			sourceTree = "<group>";
		};
		65FA98CE2A1B93BA004FBEA1 /* Presentations */ = {
			isa = PBXGroup;
			children = (
				65B0B59E2A628DD900397F72 /* Tutorial */,
				6538DF382A330C5B00873A0C /* Seach */,
				65A868A029F648B400251120 /* CustomTabBar */,
				6523D85129BF52E9005EFBFF /* Diary */,
				659B27A32A012AEB00E1CA3A /* Map */,
				6533F9AB29D167E900C66394 /* Profile */,
				65634A2C2A49708E005DDAD4 /* Setting */,
			);
			path = Presentations;
			sourceTree = "<group>";
		};
/* End PBXGroup section */

/* Begin PBXNativeTarget section */
		6523D83529BF526D005EFBFF /* Muk */ = {
			isa = PBXNativeTarget;
			buildConfigurationList = 6523D84A29BF526E005EFBFF /* Build configuration list for PBXNativeTarget "Muk" */;
			buildPhases = (
				6523D83229BF526D005EFBFF /* Sources */,
				6523D83329BF526D005EFBFF /* Frameworks */,
				6523D83429BF526D005EFBFF /* Resources */,
			);
			buildRules = (
			);
			dependencies = (
			);
			name = Muk;
			packageProductDependencies = (
				6523D86429BF629A005EFBFF /* SnapKit */,
				654464AE2A12652D00338CF9 /* Realm */,
				654464B02A12652D00338CF9 /* RealmSwift */,
			);
			productName = Muk;
			productReference = 6523D83629BF526D005EFBFF /* Muk.app */;
			productType = "com.apple.product-type.application";
		};
/* End PBXNativeTarget section */

/* Begin PBXProject section */
		6523D82E29BF526D005EFBFF /* Project object */ = {
			isa = PBXProject;
			attributes = {
				BuildIndependentTargetsInParallel = 1;
				LastSwiftUpdateCheck = 1420;
				LastUpgradeCheck = 1500;
				TargetAttributes = {
					6523D83529BF526D005EFBFF = {
						CreatedOnToolsVersion = 14.2;
					};
				};
			};
			buildConfigurationList = 6523D83129BF526D005EFBFF /* Build configuration list for PBXProject "Muk" */;
			compatibilityVersion = "Xcode 14.0";
			developmentRegion = en;
			hasScannedForEncodings = 0;
			knownRegions = (
				en,
				Base,
			);
			mainGroup = 6523D82D29BF526D005EFBFF;
			packageReferences = (
				6523D86329BF629A005EFBFF /* XCRemoteSwiftPackageReference "SnapKit" */,
				654464AD2A12652D00338CF9 /* XCRemoteSwiftPackageReference "realm-swift" */,
			);
			productRefGroup = 6523D83729BF526D005EFBFF /* Products */;
			projectDirPath = "";
			projectRoot = "";
			targets = (
				6523D83529BF526D005EFBFF /* Muk */,
			);
		};
/* End PBXProject section */

/* Begin PBXResourcesBuildPhase section */
		6523D83429BF526D005EFBFF /* Resources */ = {
			isa = PBXResourcesBuildPhase;
			buildActionMask = 2147483647;
			files = (
				6523D85A29BF566D005EFBFF /* SecureAPIKeys.plist in Resources */,
				6523D84629BF526E005EFBFF /* LaunchScreen.storyboard in Resources */,
				6523D84329BF526E005EFBFF /* Assets.xcassets in Resources */,
			);
			runOnlyForDeploymentPostprocessing = 0;
		};
/* End PBXResourcesBuildPhase section */

/* Begin PBXSourcesBuildPhase section */
		6523D83229BF526D005EFBFF /* Sources */ = {
			isa = PBXSourcesBuildPhase;
			buildActionMask = 2147483647;
			files = (
				65FDBFF02A0B71E200601CCE /* DateFormatter+Custom.swift in Sources */,
				655F23862A5D441500DCCD17 /* MailManager.swift in Sources */,
				65920AF32A382F26009F358B /* SearchMapViewController.swift in Sources */,
				6538DF3C2A3318F300873A0C /* SearchCell.swift in Sources */,
				65A868A229F649CD00251120 /* Observable.swift in Sources */,
				6533F9B329D3352900C66394 /* String+addingPercentEncoding.swift in Sources */,
				65FF0DD229C8B4A400ACF031 /* PopButtonOption.swift in Sources */,
				65634A342A4BFBB8005DDAD4 /* SettingFooterView.swift in Sources */,
				655B11122A08C247004BC84B /* KeyboardEvent.swift in Sources */,
				65920AF62A383211009F358B /* SearchMapViewModel.swift in Sources */,
				654464B42A126CFC00338CF9 /* RealmManager.swift in Sources */,
				65634A0B2A456EC5005DDAD4 /* Address.swift in Sources */,
				6523D83A29BF526D005EFBFF /* AppDelegate.swift in Sources */,
				655F23632A5C44DE00DCCD17 /* MenuAction.swift in Sources */,
				65FAE68629C624C5006D1038 /* UIImage+Resize&Retint.swift in Sources */,
				653B60C029D6F7880043F239 /* UnderLindTextField.swift in Sources */,
				654464B62A12778A00338CF9 /* RealmModel.swift in Sources */,
				65A868A429F6526D00251120 /* DiaryViewModel.swift in Sources */,
				6533F9AF29D1684D00C66394 /* CustomAnnotation.swift in Sources */,
				655E377229C19A9E00FBACAE /* TabBarItems.swift in Sources */,
				65634A382A4C6A7D005DDAD4 /* SettingCell.swift in Sources */,
				6533F9B129D333D400C66394 /* Service.swift in Sources */,
				65A8689B29F1311A00251120 /* CALayer+Shadow.swift in Sources */,
				65634A322A4BFAA4005DDAD4 /* SettingHeaderView.swift in Sources */,
				651659CA2A3994FF00018AEF /* SearchMapAlertView.swift in Sources */,
				655E376F29C199E500FBACAE /* UIColor+HexCodeColor.swift in Sources */,
				65FF0DCE29C891A200ACF031 /* UIFactory.swift in Sources */,
				652EC4FA29E83889000C795E /* ProfileCell.swift in Sources */,
				65C81A9E2B2871AE003468AA /* MapPopupView.swift in Sources */,
				65B0B5A22A63BF0200397F72 /* TutorialContentsViewController.swift in Sources */,
				6571153C29C44C95001F52D8 /* PreView-SwfitUI.swift in Sources */,
				65A8689D29F63D1300251120 /* DiaryModel.swift in Sources */,
				6585975A2A0CF54300FE4173 /* LocationManager.swift in Sources */,
				6538DF3A2A330C8200873A0C /* SearchViewController.swift in Sources */,
				65A8689F29F6424700251120 /* ProfileViewModel.swift in Sources */,
				6533F9DF29D5C9E700C66394 /* DiaryView.swift in Sources */,
				6533F9BB29D4994800C66394 /* DiaryViewController.swift in Sources */,
				6585975C2A0E1D2A00FE4173 /* ProfileCollectionView+CompositionalLayout.swift in Sources */,
				65920AF12A36D21F009F358B /* SearchListViewModel.swift in Sources */,
				658FFD7D29EFBBD800C389F6 /* CustomTabBar.swift in Sources */,
				6523D86029BF5AFD005EFBFF /* ProfileViewController.swift in Sources */,
				6523D85429BF53EE005EFBFF /* MapViewController.swift in Sources */,
				6523D86229BF625A005EFBFF /* CustomTabBarController.swift in Sources */,
				65FA98A82A160822004FBEA1 /* FileManger+UIImage.swift in Sources */,
				65B0B5A02A628E0F00397F72 /* TutorialViewController.swift in Sources */,
				657298CB2A556D5A00B6993B /* SettingCategory.swift in Sources */,
				657298C72A51553B00B6993B /* SettingCellViewModel.swift in Sources */,
				6533F9AD29D1680400C66394 /* CustomAnnotationView.swift in Sources */,
				65263CC129FC3C600072ACA5 /* UILabel+LineCount.swift in Sources */,
				6533F9B529D403EA00C66394 /* Platform.swift in Sources */,
				6533F9B729D46E3F00C66394 /* Location.swift in Sources */,
				65634A362A4C0A93005DDAD4 /* SettingViewModel.swift in Sources */,
				65634A2E2A4970A5005DDAD4 /* SettingViewController.swift in Sources */,
				655B11142A0920B4004BC84B /* UIResponder.swift in Sources */,
				6577291F2A67DA8C00FAE93E /* LocationPermissionViewController.swift in Sources */,
				6523D83C29BF526D005EFBFF /* SceneDelegate.swift in Sources */,
				652126FD2A0B84B1003AF26A /* MapViewModel.swift in Sources */,
				655B11422A0A444C004BC84B /* NotificationProtocol.swift in Sources */,
			);
			runOnlyForDeploymentPostprocessing = 0;
		};
/* End PBXSourcesBuildPhase section */

/* Begin PBXVariantGroup section */
		6523D84429BF526E005EFBFF /* LaunchScreen.storyboard */ = {
			isa = PBXVariantGroup;
			children = (
				6523D84529BF526E005EFBFF /* Base */,
			);
			name = LaunchScreen.storyboard;
			sourceTree = "<group>";
		};
/* End PBXVariantGroup section */

/* Begin XCBuildConfiguration section */
		6523D84829BF526E005EFBFF /* Debug */ = {
			isa = XCBuildConfiguration;
			buildSettings = {
				ALWAYS_SEARCH_USER_PATHS = NO;
				CLANG_ANALYZER_NONNULL = YES;
				CLANG_ANALYZER_NUMBER_OBJECT_CONVERSION = YES_AGGRESSIVE;
				CLANG_CXX_LANGUAGE_STANDARD = "gnu++20";
				CLANG_ENABLE_MODULES = YES;
				CLANG_ENABLE_OBJC_ARC = YES;
				CLANG_ENABLE_OBJC_WEAK = YES;
				CLANG_WARN_BLOCK_CAPTURE_AUTORELEASING = YES;
				CLANG_WARN_BOOL_CONVERSION = YES;
				CLANG_WARN_COMMA = YES;
				CLANG_WARN_CONSTANT_CONVERSION = YES;
				CLANG_WARN_DEPRECATED_OBJC_IMPLEMENTATIONS = YES;
				CLANG_WARN_DIRECT_OBJC_ISA_USAGE = YES_ERROR;
				CLANG_WARN_DOCUMENTATION_COMMENTS = YES;
				CLANG_WARN_EMPTY_BODY = YES;
				CLANG_WARN_ENUM_CONVERSION = YES;
				CLANG_WARN_INFINITE_RECURSION = YES;
				CLANG_WARN_INT_CONVERSION = YES;
				CLANG_WARN_NON_LITERAL_NULL_CONVERSION = YES;
				CLANG_WARN_OBJC_IMPLICIT_RETAIN_SELF = YES;
				CLANG_WARN_OBJC_LITERAL_CONVERSION = YES;
				CLANG_WARN_OBJC_ROOT_CLASS = YES_ERROR;
				CLANG_WARN_QUOTED_INCLUDE_IN_FRAMEWORK_HEADER = YES;
				CLANG_WARN_RANGE_LOOP_ANALYSIS = YES;
				CLANG_WARN_STRICT_PROTOTYPES = YES;
				CLANG_WARN_SUSPICIOUS_MOVE = YES;
				CLANG_WARN_UNGUARDED_AVAILABILITY = YES_AGGRESSIVE;
				CLANG_WARN_UNREACHABLE_CODE = YES;
				CLANG_WARN__DUPLICATE_METHOD_MATCH = YES;
				COPY_PHASE_STRIP = NO;
				DEBUG_INFORMATION_FORMAT = dwarf;
				ENABLE_STRICT_OBJC_MSGSEND = YES;
				ENABLE_TESTABILITY = YES;
				ENABLE_USER_SCRIPT_SANDBOXING = YES;
				GCC_C_LANGUAGE_STANDARD = gnu11;
				GCC_DYNAMIC_NO_PIC = NO;
				GCC_NO_COMMON_BLOCKS = YES;
				GCC_OPTIMIZATION_LEVEL = 0;
				GCC_PREPROCESSOR_DEFINITIONS = (
					"DEBUG=1",
					"$(inherited)",
				);
				GCC_WARN_64_TO_32_BIT_CONVERSION = YES;
				GCC_WARN_ABOUT_RETURN_TYPE = YES_ERROR;
				GCC_WARN_UNDECLARED_SELECTOR = YES;
				GCC_WARN_UNINITIALIZED_AUTOS = YES_AGGRESSIVE;
				GCC_WARN_UNUSED_FUNCTION = YES;
				GCC_WARN_UNUSED_VARIABLE = YES;
				IPHONEOS_DEPLOYMENT_TARGET = 15.0;
				MTL_ENABLE_DEBUG_INFO = INCLUDE_SOURCE;
				MTL_FAST_MATH = YES;
				ONLY_ACTIVE_ARCH = YES;
				SDKROOT = iphoneos;
				SWIFT_ACTIVE_COMPILATION_CONDITIONS = DEBUG;
				SWIFT_OPTIMIZATION_LEVEL = "-Onone";
			};
			name = Debug;
		};
		6523D84929BF526E005EFBFF /* Release */ = {
			isa = XCBuildConfiguration;
			buildSettings = {
				ALWAYS_SEARCH_USER_PATHS = NO;
				CLANG_ANALYZER_NONNULL = YES;
				CLANG_ANALYZER_NUMBER_OBJECT_CONVERSION = YES_AGGRESSIVE;
				CLANG_CXX_LANGUAGE_STANDARD = "gnu++20";
				CLANG_ENABLE_MODULES = YES;
				CLANG_ENABLE_OBJC_ARC = YES;
				CLANG_ENABLE_OBJC_WEAK = YES;
				CLANG_WARN_BLOCK_CAPTURE_AUTORELEASING = YES;
				CLANG_WARN_BOOL_CONVERSION = YES;
				CLANG_WARN_COMMA = YES;
				CLANG_WARN_CONSTANT_CONVERSION = YES;
				CLANG_WARN_DEPRECATED_OBJC_IMPLEMENTATIONS = YES;
				CLANG_WARN_DIRECT_OBJC_ISA_USAGE = YES_ERROR;
				CLANG_WARN_DOCUMENTATION_COMMENTS = YES;
				CLANG_WARN_EMPTY_BODY = YES;
				CLANG_WARN_ENUM_CONVERSION = YES;
				CLANG_WARN_INFINITE_RECURSION = YES;
				CLANG_WARN_INT_CONVERSION = YES;
				CLANG_WARN_NON_LITERAL_NULL_CONVERSION = YES;
				CLANG_WARN_OBJC_IMPLICIT_RETAIN_SELF = YES;
				CLANG_WARN_OBJC_LITERAL_CONVERSION = YES;
				CLANG_WARN_OBJC_ROOT_CLASS = YES_ERROR;
				CLANG_WARN_QUOTED_INCLUDE_IN_FRAMEWORK_HEADER = YES;
				CLANG_WARN_RANGE_LOOP_ANALYSIS = YES;
				CLANG_WARN_STRICT_PROTOTYPES = YES;
				CLANG_WARN_SUSPICIOUS_MOVE = YES;
				CLANG_WARN_UNGUARDED_AVAILABILITY = YES_AGGRESSIVE;
				CLANG_WARN_UNREACHABLE_CODE = YES;
				CLANG_WARN__DUPLICATE_METHOD_MATCH = YES;
				COPY_PHASE_STRIP = NO;
				DEBUG_INFORMATION_FORMAT = "dwarf-with-dsym";
				ENABLE_NS_ASSERTIONS = NO;
				ENABLE_STRICT_OBJC_MSGSEND = YES;
				ENABLE_USER_SCRIPT_SANDBOXING = YES;
				GCC_C_LANGUAGE_STANDARD = gnu11;
				GCC_NO_COMMON_BLOCKS = YES;
				GCC_WARN_64_TO_32_BIT_CONVERSION = YES;
				GCC_WARN_ABOUT_RETURN_TYPE = YES_ERROR;
				GCC_WARN_UNDECLARED_SELECTOR = YES;
				GCC_WARN_UNINITIALIZED_AUTOS = YES_AGGRESSIVE;
				GCC_WARN_UNUSED_FUNCTION = YES;
				GCC_WARN_UNUSED_VARIABLE = YES;
				IPHONEOS_DEPLOYMENT_TARGET = 15.0;
				MTL_ENABLE_DEBUG_INFO = NO;
				MTL_FAST_MATH = YES;
				SDKROOT = iphoneos;
				SWIFT_COMPILATION_MODE = wholemodule;
				SWIFT_OPTIMIZATION_LEVEL = "-O";
				VALIDATE_PRODUCT = YES;
			};
			name = Release;
		};
		6523D84B29BF526E005EFBFF /* Debug */ = {
			isa = XCBuildConfiguration;
			buildSettings = {
				ASSETCATALOG_COMPILER_APPICON_NAME = AppIcon;
				ASSETCATALOG_COMPILER_GLOBAL_ACCENT_COLOR_NAME = AccentColor;
				CODE_SIGN_STYLE = Automatic;
				CURRENT_PROJECT_VERSION = 1;
				DEVELOPMENT_TEAM = ZG488AACV6;
				GENERATE_INFOPLIST_FILE = YES;
				INFOPLIST_FILE = Muk/App/Info.plist;
				INFOPLIST_KEY_CFBundleDisplayName = "먹부림";
				INFOPLIST_KEY_NSLocationAlwaysAndWhenInUseUsageDescription = "사용자 주변의 장소를 찾거나 새로운 '추억'을 생성하기 위해 권한이 필요합니다.";
				INFOPLIST_KEY_NSLocationWhenInUseUsageDescription = "사용자 주변의 장소를 찾거나 새로운 '추억'을 생성하기 위해 권한이 필요합니다.";
				INFOPLIST_KEY_NSPhotoLibraryUsageDescription = "앨범을 사용하려고 합니다.";
				INFOPLIST_KEY_UIApplicationSupportsIndirectInputEvents = YES;
				INFOPLIST_KEY_UILaunchStoryboardName = LaunchScreen;
				INFOPLIST_KEY_UISupportedInterfaceOrientations = UIInterfaceOrientationPortrait;
				INFOPLIST_KEY_UISupportedInterfaceOrientations_iPad = "UIInterfaceOrientationLandscapeLeft UIInterfaceOrientationLandscapeRight UIInterfaceOrientationPortrait UIInterfaceOrientationPortraitUpsideDown";
				IPHONEOS_DEPLOYMENT_TARGET = 15.0;
				LD_RUNPATH_SEARCH_PATHS = (
					"$(inherited)",
					"@executable_path/Frameworks",
				);
				MARKETING_VERSION = 1.0.1;
				PRODUCT_BUNDLE_IDENTIFIER = com.github.DanielY1108.MukBuRim;
				PRODUCT_NAME = "$(TARGET_NAME)";
				SUPPORTED_PLATFORMS = "iphoneos iphonesimulator";
				SUPPORTS_MACCATALYST = NO;
				SUPPORTS_MAC_DESIGNED_FOR_IPHONE_IPAD = NO;
				SWIFT_EMIT_LOC_STRINGS = YES;
				SWIFT_VERSION = 5.0;
				TARGETED_DEVICE_FAMILY = 1;
			};
			name = Debug;
		};
		6523D84C29BF526E005EFBFF /* Release */ = {
			isa = XCBuildConfiguration;
			buildSettings = {
				ASSETCATALOG_COMPILER_APPICON_NAME = AppIcon;
				ASSETCATALOG_COMPILER_GLOBAL_ACCENT_COLOR_NAME = AccentColor;
				CODE_SIGN_STYLE = Automatic;
				CURRENT_PROJECT_VERSION = 1;
				DEVELOPMENT_TEAM = ZG488AACV6;
				GENERATE_INFOPLIST_FILE = YES;
				INFOPLIST_FILE = Muk/App/Info.plist;
				INFOPLIST_KEY_CFBundleDisplayName = "먹부림";
				INFOPLIST_KEY_NSLocationAlwaysAndWhenInUseUsageDescription = "사용자 주변의 장소를 찾거나 새로운 '추억'을 생성하기 위해 권한이 필요합니다.";
				INFOPLIST_KEY_NSLocationWhenInUseUsageDescription = "사용자 주변의 장소를 찾거나 새로운 '추억'을 생성하기 위해 권한이 필요합니다.";
				INFOPLIST_KEY_NSPhotoLibraryUsageDescription = "앨범을 사용하려고 합니다.";
				INFOPLIST_KEY_UIApplicationSupportsIndirectInputEvents = YES;
				INFOPLIST_KEY_UILaunchStoryboardName = LaunchScreen;
				INFOPLIST_KEY_UISupportedInterfaceOrientations = UIInterfaceOrientationPortrait;
				INFOPLIST_KEY_UISupportedInterfaceOrientations_iPad = "UIInterfaceOrientationLandscapeLeft UIInterfaceOrientationLandscapeRight UIInterfaceOrientationPortrait UIInterfaceOrientationPortraitUpsideDown";
				IPHONEOS_DEPLOYMENT_TARGET = 15.0;
				LD_RUNPATH_SEARCH_PATHS = (
					"$(inherited)",
					"@executable_path/Frameworks",
				);
				MARKETING_VERSION = 1.0.1;
				PRODUCT_BUNDLE_IDENTIFIER = com.github.DanielY1108.MukBuRim;
				PRODUCT_NAME = "$(TARGET_NAME)";
				SUPPORTED_PLATFORMS = "iphoneos iphonesimulator";
				SUPPORTS_MACCATALYST = NO;
				SUPPORTS_MAC_DESIGNED_FOR_IPHONE_IPAD = NO;
				SWIFT_EMIT_LOC_STRINGS = YES;
				SWIFT_VERSION = 5.0;
				TARGETED_DEVICE_FAMILY = 1;
			};
			name = Release;
		};
/* End XCBuildConfiguration section */

/* Begin XCConfigurationList section */
		6523D83129BF526D005EFBFF /* Build configuration list for PBXProject "Muk" */ = {
			isa = XCConfigurationList;
			buildConfigurations = (
				6523D84829BF526E005EFBFF /* Debug */,
				6523D84929BF526E005EFBFF /* Release */,
			);
			defaultConfigurationIsVisible = 0;
			defaultConfigurationName = Release;
		};
		6523D84A29BF526E005EFBFF /* Build configuration list for PBXNativeTarget "Muk" */ = {
			isa = XCConfigurationList;
			buildConfigurations = (
				6523D84B29BF526E005EFBFF /* Debug */,
				6523D84C29BF526E005EFBFF /* Release */,
			);
			defaultConfigurationIsVisible = 0;
			defaultConfigurationName = Release;
		};
/* End XCConfigurationList section */

/* Begin XCRemoteSwiftPackageReference section */
		6523D86329BF629A005EFBFF /* XCRemoteSwiftPackageReference "SnapKit" */ = {
			isa = XCRemoteSwiftPackageReference;
			repositoryURL = "https://github.com/SnapKit/SnapKit.git";
			requirement = {
				kind = upToNextMajorVersion;
				minimumVersion = 5.0.0;
			};
		};
		654464AD2A12652D00338CF9 /* XCRemoteSwiftPackageReference "realm-swift" */ = {
			isa = XCRemoteSwiftPackageReference;
			repositoryURL = "https://github.com/realm/realm-swift.git";
			requirement = {
				branch = master;
				kind = branch;
			};
		};
/* End XCRemoteSwiftPackageReference section */

/* Begin XCSwiftPackageProductDependency section */
		6523D86429BF629A005EFBFF /* SnapKit */ = {
			isa = XCSwiftPackageProductDependency;
			package = 6523D86329BF629A005EFBFF /* XCRemoteSwiftPackageReference "SnapKit" */;
			productName = SnapKit;
		};
		654464AE2A12652D00338CF9 /* Realm */ = {
			isa = XCSwiftPackageProductDependency;
			package = 654464AD2A12652D00338CF9 /* XCRemoteSwiftPackageReference "realm-swift" */;
			productName = Realm;
		};
		654464B02A12652D00338CF9 /* RealmSwift */ = {
			isa = XCSwiftPackageProductDependency;
			package = 654464AD2A12652D00338CF9 /* XCRemoteSwiftPackageReference "realm-swift" */;
			productName = RealmSwift;
		};
/* End XCSwiftPackageProductDependency section */
	};
	rootObject = 6523D82E29BF526D005EFBFF /* Project object */;
}
