// !$*UTF8*$!
{
	archiveVersion = 1;
	classes = {
	};
	objectVersion = 56;
	objects = {

/* Begin PBXBuildFile section */
		6523D83A29BF526D005EFBFF /* AppDelegate.swift in Sources */ = {isa = PBXBuildFile; fileRef = 6523D83929BF526D005EFBFF /* AppDelegate.swift */; };
		6523D83C29BF526D005EFBFF /* SceneDelegate.swift in Sources */ = {isa = PBXBuildFile; fileRef = 6523D83B29BF526D005EFBFF /* SceneDelegate.swift */; };
		6523D84329BF526E005EFBFF /* Assets.xcassets in Resources */ = {isa = PBXBuildFile; fileRef = 6523D84229BF526E005EFBFF /* Assets.xcassets */; };
		6523D84629BF526E005EFBFF /* LaunchScreen.storyboard in Resources */ = {isa = PBXBuildFile; fileRef = 6523D84429BF526E005EFBFF /* LaunchScreen.storyboard */; };
		6523D85429BF53EE005EFBFF /* MapViewController.swift in Sources */ = {isa = PBXBuildFile; fileRef = 6523D85329BF53EE005EFBFF /* MapViewController.swift */; };
		6523D85A29BF566D005EFBFF /* SecureAPIKeys.plist in Resources */ = {isa = PBXBuildFile; fileRef = 6523D85929BF566D005EFBFF /* SecureAPIKeys.plist */; };
		6523D85E29BF5AED005EFBFF /* AddListViewController.swift in Sources */ = {isa = PBXBuildFile; fileRef = 6523D85D29BF5AED005EFBFF /* AddListViewController.swift */; };
		6523D86029BF5AFD005EFBFF /* UserViewController.swift in Sources */ = {isa = PBXBuildFile; fileRef = 6523D85F29BF5AFD005EFBFF /* UserViewController.swift */; };
		6523D86229BF625A005EFBFF /* CustomTabBarController.swift in Sources */ = {isa = PBXBuildFile; fileRef = 6523D86129BF625A005EFBFF /* CustomTabBarController.swift */; };
		6523D86529BF629A005EFBFF /* SnapKit in Frameworks */ = {isa = PBXBuildFile; productRef = 6523D86429BF629A005EFBFF /* SnapKit */; };
		655E376F29C199E500FBACAE /* UIColor.swift in Sources */ = {isa = PBXBuildFile; fileRef = 655E376E29C199E500FBACAE /* UIColor.swift */; };
		655E377229C19A9E00FBACAE /* TabBarController.swift in Sources */ = {isa = PBXBuildFile; fileRef = 655E377129C19A9E00FBACAE /* TabBarController.swift */; };
		6571153C29C44C95001F52D8 /* PreView-SwfitUI.swift in Sources */ = {isa = PBXBuildFile; fileRef = 6571153B29C44C95001F52D8 /* PreView-SwfitUI.swift */; };
/* End PBXBuildFile section */

/* Begin PBXFileReference section */
		6523D83629BF526D005EFBFF /* Muk.app */ = {isa = PBXFileReference; explicitFileType = wrapper.application; includeInIndex = 0; path = Muk.app; sourceTree = BUILT_PRODUCTS_DIR; };
		6523D83929BF526D005EFBFF /* AppDelegate.swift */ = {isa = PBXFileReference; lastKnownFileType = sourcecode.swift; path = AppDelegate.swift; sourceTree = "<group>"; };
		6523D83B29BF526D005EFBFF /* SceneDelegate.swift */ = {isa = PBXFileReference; lastKnownFileType = sourcecode.swift; path = SceneDelegate.swift; sourceTree = "<group>"; };
		6523D84229BF526E005EFBFF /* Assets.xcassets */ = {isa = PBXFileReference; lastKnownFileType = folder.assetcatalog; path = Assets.xcassets; sourceTree = "<group>"; };
		6523D84529BF526E005EFBFF /* Base */ = {isa = PBXFileReference; lastKnownFileType = file.storyboard; name = Base; path = Base.lproj/LaunchScreen.storyboard; sourceTree = "<group>"; };
		6523D84729BF526E005EFBFF /* Info.plist */ = {isa = PBXFileReference; lastKnownFileType = text.plist.xml; path = Info.plist; sourceTree = "<group>"; };
		6523D85329BF53EE005EFBFF /* MapViewController.swift */ = {isa = PBXFileReference; lastKnownFileType = sourcecode.swift; path = MapViewController.swift; sourceTree = "<group>"; };
		6523D85929BF566D005EFBFF /* SecureAPIKeys.plist */ = {isa = PBXFileReference; fileEncoding = 4; lastKnownFileType = text.plist.xml; path = SecureAPIKeys.plist; sourceTree = "<group>"; };
		6523D85D29BF5AED005EFBFF /* AddListViewController.swift */ = {isa = PBXFileReference; lastKnownFileType = sourcecode.swift; path = AddListViewController.swift; sourceTree = "<group>"; };
		6523D85F29BF5AFD005EFBFF /* UserViewController.swift */ = {isa = PBXFileReference; lastKnownFileType = sourcecode.swift; path = UserViewController.swift; sourceTree = "<group>"; };
		6523D86129BF625A005EFBFF /* CustomTabBarController.swift */ = {isa = PBXFileReference; lastKnownFileType = sourcecode.swift; path = CustomTabBarController.swift; sourceTree = "<group>"; };
		655E376E29C199E500FBACAE /* UIColor.swift */ = {isa = PBXFileReference; lastKnownFileType = sourcecode.swift; path = UIColor.swift; sourceTree = "<group>"; };
		655E377129C19A9E00FBACAE /* TabBarController.swift */ = {isa = PBXFileReference; lastKnownFileType = sourcecode.swift; path = TabBarController.swift; sourceTree = "<group>"; };
		6571153B29C44C95001F52D8 /* PreView-SwfitUI.swift */ = {isa = PBXFileReference; lastKnownFileType = sourcecode.swift; path = "PreView-SwfitUI.swift"; sourceTree = "<group>"; };
/* End PBXFileReference section */

/* Begin PBXFrameworksBuildPhase section */
		6523D83329BF526D005EFBFF /* Frameworks */ = {
			isa = PBXFrameworksBuildPhase;
			buildActionMask = 2147483647;
			files = (
				6523D86529BF629A005EFBFF /* SnapKit in Frameworks */,
			);
			runOnlyForDeploymentPostprocessing = 0;
		};
/* End PBXFrameworksBuildPhase section */

/* Begin PBXGroup section */
		65105DF029C1996F003A9F18 /* Extenstions */ = {
			isa = PBXGroup;
			children = (
				655E376E29C199E500FBACAE /* UIColor.swift */,
				6571153B29C44C95001F52D8 /* PreView-SwfitUI.swift */,
			);
			path = Extenstions;
			sourceTree = "<group>";
		};
		6523D82D29BF526D005EFBFF = {
			isa = PBXGroup;
			children = (
				6523D83829BF526D005EFBFF /* Muk */,
				6523D83729BF526D005EFBFF /* Products */,
			);
			sourceTree = "<group>";
		};
		6523D83729BF526D005EFBFF /* Products */ = {
			isa = PBXGroup;
			children = (
				6523D83629BF526D005EFBFF /* Muk.app */,
			);
			name = Products;
			sourceTree = "<group>";
		};
		6523D83829BF526D005EFBFF /* Muk */ = {
			isa = PBXGroup;
			children = (
				6523D85529BF5407005EFBFF /* App */,
				655E377029C19A7B00FBACAE /* Helper */,
				6523D84D29BF52BF005EFBFF /* Classes */,
				65105DF029C1996F003A9F18 /* Extenstions */,
				6523D84F29BF52CF005EFBFF /* Networking */,
				6523D85029BF52D7005EFBFF /* Models */,
				6523D85129BF52E9005EFBFF /* Controllers */,
			);
			path = Muk;
			sourceTree = "<group>";
		};
		6523D84D29BF52BF005EFBFF /* Classes */ = {
			isa = PBXGroup;
			children = (
				6523D86129BF625A005EFBFF /* CustomTabBarController.swift */,
			);
			path = Classes;
			sourceTree = "<group>";
		};
		6523D84F29BF52CF005EFBFF /* Networking */ = {
			isa = PBXGroup;
			children = (
				6523D85929BF566D005EFBFF /* SecureAPIKeys.plist */,
			);
			path = Networking;
			sourceTree = "<group>";
		};
		6523D85029BF52D7005EFBFF /* Models */ = {
			isa = PBXGroup;
			children = (
			);
			path = Models;
			sourceTree = "<group>";
		};
		6523D85129BF52E9005EFBFF /* Controllers */ = {
			isa = PBXGroup;
			children = (
				6523D85329BF53EE005EFBFF /* MapViewController.swift */,
				6523D85D29BF5AED005EFBFF /* AddListViewController.swift */,
				6523D85F29BF5AFD005EFBFF /* UserViewController.swift */,
			);
			path = Controllers;
			sourceTree = "<group>";
		};
		6523D85529BF5407005EFBFF /* App */ = {
			isa = PBXGroup;
			children = (
				6523D85629BF5414005EFBFF /* Assets */,
				6523D83929BF526D005EFBFF /* AppDelegate.swift */,
				6523D83B29BF526D005EFBFF /* SceneDelegate.swift */,
				6523D84729BF526E005EFBFF /* Info.plist */,
			);
			path = App;
			sourceTree = "<group>";
		};
		6523D85629BF5414005EFBFF /* Assets */ = {
			isa = PBXGroup;
			children = (
				6523D84229BF526E005EFBFF /* Assets.xcassets */,
				6523D84429BF526E005EFBFF /* LaunchScreen.storyboard */,
			);
			path = Assets;
			sourceTree = "<group>";
		};
		655E377029C19A7B00FBACAE /* Helper */ = {
			isa = PBXGroup;
			children = (
				655E377129C19A9E00FBACAE /* TabBarController.swift */,
			);
			path = Helper;
			sourceTree = "<group>";
		};
/* End PBXGroup section */

/* Begin PBXNativeTarget section */
		6523D83529BF526D005EFBFF /* Muk */ = {
			isa = PBXNativeTarget;
			buildConfigurationList = 6523D84A29BF526E005EFBFF /* Build configuration list for PBXNativeTarget "Muk" */;
			buildPhases = (
				6523D83229BF526D005EFBFF /* Sources */,
				6523D83329BF526D005EFBFF /* Frameworks */,
				6523D83429BF526D005EFBFF /* Resources */,
			);
			buildRules = (
			);
			dependencies = (
			);
			name = Muk;
			packageProductDependencies = (
				6523D86429BF629A005EFBFF /* SnapKit */,
			);
			productName = Muk;
			productReference = 6523D83629BF526D005EFBFF /* Muk.app */;
			productType = "com.apple.product-type.application";
		};
/* End PBXNativeTarget section */

/* Begin PBXProject section */
		6523D82E29BF526D005EFBFF /* Project object */ = {
			isa = PBXProject;
			attributes = {
				BuildIndependentTargetsInParallel = 1;
				LastSwiftUpdateCheck = 1420;
				LastUpgradeCheck = 1420;
				TargetAttributes = {
					6523D83529BF526D005EFBFF = {
						CreatedOnToolsVersion = 14.2;
					};
				};
			};
			buildConfigurationList = 6523D83129BF526D005EFBFF /* Build configuration list for PBXProject "Muk" */;
			compatibilityVersion = "Xcode 14.0";
			developmentRegion = en;
			hasScannedForEncodings = 0;
			knownRegions = (
				en,
				Base,
			);
			mainGroup = 6523D82D29BF526D005EFBFF;
			packageReferences = (
				6523D86329BF629A005EFBFF /* XCRemoteSwiftPackageReference "SnapKit" */,
			);
			productRefGroup = 6523D83729BF526D005EFBFF /* Products */;
			projectDirPath = "";
			projectRoot = "";
			targets = (
				6523D83529BF526D005EFBFF /* Muk */,
			);
		};
/* End PBXProject section */

/* Begin PBXResourcesBuildPhase section */
		6523D83429BF526D005EFBFF /* Resources */ = {
			isa = PBXResourcesBuildPhase;
			buildActionMask = 2147483647;
			files = (
				6523D85A29BF566D005EFBFF /* SecureAPIKeys.plist in Resources */,
				6523D84629BF526E005EFBFF /* LaunchScreen.storyboard in Resources */,
				6523D84329BF526E005EFBFF /* Assets.xcassets in Resources */,
			);
			runOnlyForDeploymentPostprocessing = 0;
		};
/* End PBXResourcesBuildPhase section */

/* Begin PBXSourcesBuildPhase section */
		6523D83229BF526D005EFBFF /* Sources */ = {
			isa = PBXSourcesBuildPhase;
			buildActionMask = 2147483647;
			files = (
				6523D83A29BF526D005EFBFF /* AppDelegate.swift in Sources */,
				655E377229C19A9E00FBACAE /* TabBarController.swift in Sources */,
				655E376F29C199E500FBACAE /* UIColor.swift in Sources */,
				6571153C29C44C95001F52D8 /* PreView-SwfitUI.swift in Sources */,
				6523D86029BF5AFD005EFBFF /* UserViewController.swift in Sources */,
				6523D85429BF53EE005EFBFF /* MapViewController.swift in Sources */,
				6523D86229BF625A005EFBFF /* CustomTabBarController.swift in Sources */,
				6523D85E29BF5AED005EFBFF /* AddListViewController.swift in Sources */,
				6523D83C29BF526D005EFBFF /* SceneDelegate.swift in Sources */,
			);
			runOnlyForDeploymentPostprocessing = 0;
		};
/* End PBXSourcesBuildPhase section */

/* Begin PBXVariantGroup section */
		6523D84429BF526E005EFBFF /* LaunchScreen.storyboard */ = {
			isa = PBXVariantGroup;
			children = (
				6523D84529BF526E005EFBFF /* Base */,
			);
			name = LaunchScreen.storyboard;
			sourceTree = "<group>";
		};
/* End PBXVariantGroup section */

/* Begin XCBuildConfiguration section */
		6523D84829BF526E005EFBFF /* Debug */ = {
			isa = XCBuildConfiguration;
			buildSettings = {
				ALWAYS_SEARCH_USER_PATHS = NO;
				CLANG_ANALYZER_NONNULL = YES;
				CLANG_ANALYZER_NUMBER_OBJECT_CONVERSION = YES_AGGRESSIVE;
				CLANG_CXX_LANGUAGE_STANDARD = "gnu++20";
				CLANG_ENABLE_MODULES = YES;
				CLANG_ENABLE_OBJC_ARC = YES;
				CLANG_ENABLE_OBJC_WEAK = YES;
				CLANG_WARN_BLOCK_CAPTURE_AUTORELEASING = YES;
				CLANG_WARN_BOOL_CONVERSION = YES;
				CLANG_WARN_COMMA = YES;
				CLANG_WARN_CONSTANT_CONVERSION = YES;
				CLANG_WARN_DEPRECATED_OBJC_IMPLEMENTATIONS = YES;
				CLANG_WARN_DIRECT_OBJC_ISA_USAGE = YES_ERROR;
				CLANG_WARN_DOCUMENTATION_COMMENTS = YES;
				CLANG_WARN_EMPTY_BODY = YES;
				CLANG_WARN_ENUM_CONVERSION = YES;
				CLANG_WARN_INFINITE_RECURSION = YES;
				CLANG_WARN_INT_CONVERSION = YES;
				CLANG_WARN_NON_LITERAL_NULL_CONVERSION = YES;
				CLANG_WARN_OBJC_IMPLICIT_RETAIN_SELF = YES;
				CLANG_WARN_OBJC_LITERAL_CONVERSION = YES;
				CLANG_WARN_OBJC_ROOT_CLASS = YES_ERROR;
				CLANG_WARN_QUOTED_INCLUDE_IN_FRAMEWORK_HEADER = YES;
				CLANG_WARN_RANGE_LOOP_ANALYSIS = YES;
				CLANG_WARN_STRICT_PROTOTYPES = YES;
				CLANG_WARN_SUSPICIOUS_MOVE = YES;
				CLANG_WARN_UNGUARDED_AVAILABILITY = YES_AGGRESSIVE;
				CLANG_WARN_UNREACHABLE_CODE = YES;
				CLANG_WARN__DUPLICATE_METHOD_MATCH = YES;
				COPY_PHASE_STRIP = NO;
				DEBUG_INFORMATION_FORMAT = dwarf;
				ENABLE_STRICT_OBJC_MSGSEND = YES;
				ENABLE_TESTABILITY = YES;
				GCC_C_LANGUAGE_STANDARD = gnu11;
				GCC_DYNAMIC_NO_PIC = NO;
				GCC_NO_COMMON_BLOCKS = YES;
				GCC_OPTIMIZATION_LEVEL = 0;
				GCC_PREPROCESSOR_DEFINITIONS = (
					"DEBUG=1",
					"$(inherited)",
				);
				GCC_WARN_64_TO_32_BIT_CONVERSION = YES;
				GCC_WARN_ABOUT_RETURN_TYPE = YES_ERROR;
				GCC_WARN_UNDECLARED_SELECTOR = YES;
				GCC_WARN_UNINITIALIZED_AUTOS = YES_AGGRESSIVE;
				GCC_WARN_UNUSED_FUNCTION = YES;
				GCC_WARN_UNUSED_VARIABLE = YES;
				IPHONEOS_DEPLOYMENT_TARGET = 14.2;
				MTL_ENABLE_DEBUG_INFO = INCLUDE_SOURCE;
				MTL_FAST_MATH = YES;
				ONLY_ACTIVE_ARCH = YES;
				SDKROOT = iphoneos;
				SWIFT_ACTIVE_COMPILATION_CONDITIONS = DEBUG;
				SWIFT_OPTIMIZATION_LEVEL = "-Onone";
			};
			name = Debug;
		};
		6523D84929BF526E005EFBFF /* Release */ = {
			isa = XCBuildConfiguration;
			buildSettings = {
				ALWAYS_SEARCH_USER_PATHS = NO;
				CLANG_ANALYZER_NONNULL = YES;
				CLANG_ANALYZER_NUMBER_OBJECT_CONVERSION = YES_AGGRESSIVE;
				CLANG_CXX_LANGUAGE_STANDARD = "gnu++20";
				CLANG_ENABLE_MODULES = YES;
				CLANG_ENABLE_OBJC_ARC = YES;
				CLANG_ENABLE_OBJC_WEAK = YES;
				CLANG_WARN_BLOCK_CAPTURE_AUTORELEASING = YES;
				CLANG_WARN_BOOL_CONVERSION = YES;
				CLANG_WARN_COMMA = YES;
				CLANG_WARN_CONSTANT_CONVERSION = YES;
				CLANG_WARN_DEPRECATED_OBJC_IMPLEMENTATIONS = YES;
				CLANG_WARN_DIRECT_OBJC_ISA_USAGE = YES_ERROR;
				CLANG_WARN_DOCUMENTATION_COMMENTS = YES;
				CLANG_WARN_EMPTY_BODY = YES;
				CLANG_WARN_ENUM_CONVERSION = YES;
				CLANG_WARN_INFINITE_RECURSION = YES;
				CLANG_WARN_INT_CONVERSION = YES;
				CLANG_WARN_NON_LITERAL_NULL_CONVERSION = YES;
				CLANG_WARN_OBJC_IMPLICIT_RETAIN_SELF = YES;
				CLANG_WARN_OBJC_LITERAL_CONVERSION = YES;
				CLANG_WARN_OBJC_ROOT_CLASS = YES_ERROR;
				CLANG_WARN_QUOTED_INCLUDE_IN_FRAMEWORK_HEADER = YES;
				CLANG_WARN_RANGE_LOOP_ANALYSIS = YES;
				CLANG_WARN_STRICT_PROTOTYPES = YES;
				CLANG_WARN_SUSPICIOUS_MOVE = YES;
				CLANG_WARN_UNGUARDED_AVAILABILITY = YES_AGGRESSIVE;
				CLANG_WARN_UNREACHABLE_CODE = YES;
				CLANG_WARN__DUPLICATE_METHOD_MATCH = YES;
				COPY_PHASE_STRIP = NO;
				DEBUG_INFORMATION_FORMAT = "dwarf-with-dsym";
				ENABLE_NS_ASSERTIONS = NO;
				ENABLE_STRICT_OBJC_MSGSEND = YES;
				GCC_C_LANGUAGE_STANDARD = gnu11;
				GCC_NO_COMMON_BLOCKS = YES;
				GCC_WARN_64_TO_32_BIT_CONVERSION = YES;
				GCC_WARN_ABOUT_RETURN_TYPE = YES_ERROR;
				GCC_WARN_UNDECLARED_SELECTOR = YES;
				GCC_WARN_UNINITIALIZED_AUTOS = YES_AGGRESSIVE;
				GCC_WARN_UNUSED_FUNCTION = YES;
				GCC_WARN_UNUSED_VARIABLE = YES;
				IPHONEOS_DEPLOYMENT_TARGET = 14.2;
				MTL_ENABLE_DEBUG_INFO = NO;
				MTL_FAST_MATH = YES;
				SDKROOT = iphoneos;
				SWIFT_COMPILATION_MODE = wholemodule;
				SWIFT_OPTIMIZATION_LEVEL = "-O";
				VALIDATE_PRODUCT = YES;
			};
			name = Release;
		};
		6523D84B29BF526E005EFBFF /* Debug */ = {
			isa = XCBuildConfiguration;
			buildSettings = {
				ASSETCATALOG_COMPILER_APPICON_NAME = AppIcon;
				ASSETCATALOG_COMPILER_GLOBAL_ACCENT_COLOR_NAME = AccentColor;
				CODE_SIGN_STYLE = Automatic;
				CURRENT_PROJECT_VERSION = 1;
				DEVELOPMENT_TEAM = ZG488AACV6;
				GENERATE_INFOPLIST_FILE = YES;
				INFOPLIST_FILE = Muk/App/Info.plist;
				INFOPLIST_KEY_UIApplicationSupportsIndirectInputEvents = YES;
				INFOPLIST_KEY_UILaunchStoryboardName = LaunchScreen;
				INFOPLIST_KEY_UISupportedInterfaceOrientations_iPad = "UIInterfaceOrientationPortrait UIInterfaceOrientationPortraitUpsideDown UIInterfaceOrientationLandscapeLeft UIInterfaceOrientationLandscapeRight";
				INFOPLIST_KEY_UISupportedInterfaceOrientations_iPhone = "UIInterfaceOrientationPortrait UIInterfaceOrientationLandscapeLeft UIInterfaceOrientationLandscapeRight";
				IPHONEOS_DEPLOYMENT_TARGET = 14.2;
				LD_RUNPATH_SEARCH_PATHS = (
					"$(inherited)",
					"@executable_path/Frameworks",
				);
				MARKETING_VERSION = 1.0;
				PRODUCT_BUNDLE_IDENTIFIER = com.github.DanielY1108.Muk;
				PRODUCT_NAME = "$(TARGET_NAME)";
				SWIFT_EMIT_LOC_STRINGS = YES;
				SWIFT_VERSION = 5.0;
				TARGETED_DEVICE_FAMILY = "1,2";
			};
			name = Debug;
		};
		6523D84C29BF526E005EFBFF /* Release */ = {
			isa = XCBuildConfiguration;
			buildSettings = {
				ASSETCATALOG_COMPILER_APPICON_NAME = AppIcon;
				ASSETCATALOG_COMPILER_GLOBAL_ACCENT_COLOR_NAME = AccentColor;
				CODE_SIGN_STYLE = Automatic;
				CURRENT_PROJECT_VERSION = 1;
				DEVELOPMENT_TEAM = ZG488AACV6;
				GENERATE_INFOPLIST_FILE = YES;
				INFOPLIST_FILE = Muk/App/Info.plist;
				INFOPLIST_KEY_UIApplicationSupportsIndirectInputEvents = YES;
				INFOPLIST_KEY_UILaunchStoryboardName = LaunchScreen;
				INFOPLIST_KEY_UISupportedInterfaceOrientations_iPad = "UIInterfaceOrientationPortrait UIInterfaceOrientationPortraitUpsideDown UIInterfaceOrientationLandscapeLeft UIInterfaceOrientationLandscapeRight";
				INFOPLIST_KEY_UISupportedInterfaceOrientations_iPhone = "UIInterfaceOrientationPortrait UIInterfaceOrientationLandscapeLeft UIInterfaceOrientationLandscapeRight";
				IPHONEOS_DEPLOYMENT_TARGET = 14.2;
				LD_RUNPATH_SEARCH_PATHS = (
					"$(inherited)",
					"@executable_path/Frameworks",
				);
				MARKETING_VERSION = 1.0;
				PRODUCT_BUNDLE_IDENTIFIER = com.github.DanielY1108.Muk;
				PRODUCT_NAME = "$(TARGET_NAME)";
				SWIFT_EMIT_LOC_STRINGS = YES;
				SWIFT_VERSION = 5.0;
				TARGETED_DEVICE_FAMILY = "1,2";
			};
			name = Release;
		};
/* End XCBuildConfiguration section */

/* Begin XCConfigurationList section */
		6523D83129BF526D005EFBFF /* Build configuration list for PBXProject "Muk" */ = {
			isa = XCConfigurationList;
			buildConfigurations = (
				6523D84829BF526E005EFBFF /* Debug */,
				6523D84929BF526E005EFBFF /* Release */,
			);
			defaultConfigurationIsVisible = 0;
			defaultConfigurationName = Release;
		};
		6523D84A29BF526E005EFBFF /* Build configuration list for PBXNativeTarget "Muk" */ = {
			isa = XCConfigurationList;
			buildConfigurations = (
				6523D84B29BF526E005EFBFF /* Debug */,
				6523D84C29BF526E005EFBFF /* Release */,
			);
			defaultConfigurationIsVisible = 0;
			defaultConfigurationName = Release;
		};
/* End XCConfigurationList section */

/* Begin XCRemoteSwiftPackageReference section */
		6523D86329BF629A005EFBFF /* XCRemoteSwiftPackageReference "SnapKit" */ = {
			isa = XCRemoteSwiftPackageReference;
			repositoryURL = "https://github.com/SnapKit/SnapKit.git";
			requirement = {
				kind = upToNextMajorVersion;
				minimumVersion = 5.0.0;
			};
		};
/* End XCRemoteSwiftPackageReference section */

/* Begin XCSwiftPackageProductDependency section */
		6523D86429BF629A005EFBFF /* SnapKit */ = {
			isa = XCSwiftPackageProductDependency;
			package = 6523D86329BF629A005EFBFF /* XCRemoteSwiftPackageReference "SnapKit" */;
			productName = SnapKit;
		};
/* End XCSwiftPackageProductDependency section */
	};
	rootObject = 6523D82E29BF526D005EFBFF /* Project object */;
}
